
Microsoft Visual Studio Solution File, Format Version 11.00
# Visual Studio 2010
Project("{FAE04EC0-301F-11D3-BF4B-00C04F79EFBC}") = "Indexer", "GarageIndex\Indexer.csproj", "{05477D5D-9F64-40B3-A35B-3EF1F5C847DD}"
EndProject
Project("{FAE04EC0-301F-11D3-BF4B-00C04F79EFBC}") = "IndexerPortableLibrary", "IndexerPortableLibrary\IndexerPortableLibrary.csproj", "{8E3274A1-69E3-413D-AFE6-6819C3348B8C}"
EndProject
Global
	GlobalSection(SolutionConfigurationPlatforms) = preSolution
		Debug|iPhoneSimulator = Debug|iPhoneSimulator
		Release|iPhoneSimulator = Release|iPhoneSimulator
		Debug|iPhone = Debug|iPhone
		Release|iPhone = Release|iPhone
		Ad-Hoc|iPhone = Ad-Hoc|iPhone
		AppStore|iPhone = AppStore|iPhone
	EndGlobalSection
	GlobalSection(ProjectConfigurationPlatforms) = postSolution
		{05477D5D-9F64-40B3-A35B-3EF1F5C847DD}.Ad-Hoc|iPhone.ActiveCfg = Ad-Hoc|iPhone
		{05477D5D-9F64-40B3-A35B-3EF1F5C847DD}.Ad-Hoc|iPhone.Build.0 = Ad-Hoc|iPhone
		{05477D5D-9F64-40B3-A35B-3EF1F5C847DD}.AppStore|iPhone.ActiveCfg = AppStore|iPhone
		{05477D5D-9F64-40B3-A35B-3EF1F5C847DD}.AppStore|iPhone.Build.0 = AppStore|iPhone
		{05477D5D-9F64-40B3-A35B-3EF1F5C847DD}.Debug|iPhone.ActiveCfg = Debug|iPhone
		{05477D5D-9F64-40B3-A35B-3EF1F5C847DD}.Debug|iPhone.Build.0 = Debug|iPhone
		{05477D5D-9F64-40B3-A35B-3EF1F5C847DD}.Debug|iPhoneSimulator.ActiveCfg = Debug|iPhoneSimulator
		{05477D5D-9F64-40B3-A35B-3EF1F5C847DD}.Debug|iPhoneSimulator.Build.0 = Debug|iPhoneSimulator
		{05477D5D-9F64-40B3-A35B-3EF1F5C847DD}.Release|iPhone.ActiveCfg = Release|iPhone
		{05477D5D-9F64-40B3-A35B-3EF1F5C847DD}.Release|iPhone.Build.0 = Release|iPhone
		{05477D5D-9F64-40B3-A35B-3EF1F5C847DD}.Release|iPhoneSimulator.ActiveCfg = Release|iPhoneSimulator
		{05477D5D-9F64-40B3-A35B-3EF1F5C847DD}.Release|iPhoneSimulator.Build.0 = Release|iPhoneSimulator
		{8E3274A1-69E3-413D-AFE6-6819C3348B8C}.Ad-Hoc|iPhone.ActiveCfg = Release|Any CPU
		{8E3274A1-69E3-413D-AFE6-6819C3348B8C}.Ad-Hoc|iPhone.Build.0 = Release|Any CPU
		{8E3274A1-69E3-413D-AFE6-6819C3348B8C}.AppStore|iPhone.ActiveCfg = Release|Any CPU
		{8E3274A1-69E3-413D-AFE6-6819C3348B8C}.AppStore|iPhone.Build.0 = Release|Any CPU
		{8E3274A1-69E3-413D-AFE6-6819C3348B8C}.Debug|iPhone.ActiveCfg = Debug|Any CPU
		{8E3274A1-69E3-413D-AFE6-6819C3348B8C}.Debug|iPhone.Build.0 = Debug|Any CPU
		{8E3274A1-69E3-413D-AFE6-6819C3348B8C}.Debug|iPhoneSimulator.ActiveCfg = Debug|Any CPU
		{8E3274A1-69E3-413D-AFE6-6819C3348B8C}.Debug|iPhoneSimulator.Build.0 = Debug|Any CPU
		{8E3274A1-69E3-413D-AFE6-6819C3348B8C}.Release|iPhone.ActiveCfg = Release|Any CPU
		{8E3274A1-69E3-413D-AFE6-6819C3348B8C}.Release|iPhone.Build.0 = Release|Any CPU
		{8E3274A1-69E3-413D-AFE6-6819C3348B8C}.Release|iPhoneSimulator.ActiveCfg = Release|Any CPU
		{8E3274A1-69E3-413D-AFE6-6819C3348B8C}.Release|iPhoneSimulator.Build.0 = Release|Any CPU
	EndGlobalSection
	GlobalSection(MonoDevelopProperties) = preSolution
		StartupItem = GarageIndex\Indexer.csproj
		version = 1.3
	EndGlobalSection
EndGlobal
