
Microsoft Visual Studio Solution File, Format Version 11.00
# Visual Studio 2010
Project("{FAE04EC0-301F-11D3-BF4B-00C04F79EFBC}") = "MyLagerMan", "MyLagerMan\MyLagerMan.csproj", "{E64BFF1A-C25A-4E36-A565-3E4A8B8B1B3D}"
EndProject
Project("{FAE04EC0-301F-11D3-BF4B-00C04F79EFBC}") = "LagerMan.Model", "..\LagerMan_Model\LagerMan.Model.csproj", "{0DB1E16E-4FCB-486A-A464-ADB7889B0DC8}"
EndProject
Project("{FAE04EC0-301F-11D3-BF4B-00C04F79EFBC}") = "LagerMan.dependencies", "LagerMan.dependencies\LagerMan.dependencies.csproj", "{1A51356F-11DC-4BA6-B909-34182E0D69AB}"
EndProject
Project("{FAE04EC0-301F-11D3-BF4B-00C04F79EFBC}") = "LagerMan.DAO", "LagerMan.DAO\LagerMan.DAO.csproj", "{3207D595-DADF-4258-965B-B05D14685A58}"
EndProject
Project("{FAE04EC0-301F-11D3-BF4B-00C04F79EFBC}") = "MyLagerMan.Misc", "MyLagerMan.Misc\MyLagerMan.Misc.csproj", "{A9AACA77-55BD-4C19-BEE6-0CCDA6ED61AA}"
EndProject
Global
	GlobalSection(SolutionConfigurationPlatforms) = preSolution
		Debug|iPhoneSimulator = Debug|iPhoneSimulator
		Release|iPhoneSimulator = Release|iPhoneSimulator
		Debug|iPhone = Debug|iPhone
		Release|iPhone = Release|iPhone
		Ad-Hoc|iPhone = Ad-Hoc|iPhone
		AppStore|iPhone = AppStore|iPhone
	EndGlobalSection
	GlobalSection(ProjectConfigurationPlatforms) = postSolution
		{0DB1E16E-4FCB-486A-A464-ADB7889B0DC8}.Ad-Hoc|iPhone.ActiveCfg = Release|Any CPU
		{0DB1E16E-4FCB-486A-A464-ADB7889B0DC8}.Ad-Hoc|iPhone.Build.0 = Release|Any CPU
		{0DB1E16E-4FCB-486A-A464-ADB7889B0DC8}.AppStore|iPhone.ActiveCfg = Release|Any CPU
		{0DB1E16E-4FCB-486A-A464-ADB7889B0DC8}.AppStore|iPhone.Build.0 = Release|Any CPU
		{0DB1E16E-4FCB-486A-A464-ADB7889B0DC8}.Debug|iPhone.ActiveCfg = Debug|Any CPU
		{0DB1E16E-4FCB-486A-A464-ADB7889B0DC8}.Debug|iPhone.Build.0 = Debug|Any CPU
		{0DB1E16E-4FCB-486A-A464-ADB7889B0DC8}.Debug|iPhoneSimulator.ActiveCfg = Debug|Any CPU
		{0DB1E16E-4FCB-486A-A464-ADB7889B0DC8}.Debug|iPhoneSimulator.Build.0 = Debug|Any CPU
		{0DB1E16E-4FCB-486A-A464-ADB7889B0DC8}.Release|iPhone.ActiveCfg = Release|Any CPU
		{0DB1E16E-4FCB-486A-A464-ADB7889B0DC8}.Release|iPhone.Build.0 = Release|Any CPU
		{0DB1E16E-4FCB-486A-A464-ADB7889B0DC8}.Release|iPhoneSimulator.ActiveCfg = Release|Any CPU
		{0DB1E16E-4FCB-486A-A464-ADB7889B0DC8}.Release|iPhoneSimulator.Build.0 = Release|Any CPU
		{1A51356F-11DC-4BA6-B909-34182E0D69AB}.Ad-Hoc|iPhone.ActiveCfg = Release|Any CPU
		{1A51356F-11DC-4BA6-B909-34182E0D69AB}.Ad-Hoc|iPhone.Build.0 = Release|Any CPU
		{1A51356F-11DC-4BA6-B909-34182E0D69AB}.AppStore|iPhone.ActiveCfg = Release|Any CPU
		{1A51356F-11DC-4BA6-B909-34182E0D69AB}.AppStore|iPhone.Build.0 = Release|Any CPU
		{1A51356F-11DC-4BA6-B909-34182E0D69AB}.Debug|iPhone.ActiveCfg = Debug|Any CPU
		{1A51356F-11DC-4BA6-B909-34182E0D69AB}.Debug|iPhone.Build.0 = Debug|Any CPU
		{1A51356F-11DC-4BA6-B909-34182E0D69AB}.Debug|iPhoneSimulator.ActiveCfg = Debug|Any CPU
		{1A51356F-11DC-4BA6-B909-34182E0D69AB}.Debug|iPhoneSimulator.Build.0 = Debug|Any CPU
		{1A51356F-11DC-4BA6-B909-34182E0D69AB}.Release|iPhone.ActiveCfg = Release|Any CPU
		{1A51356F-11DC-4BA6-B909-34182E0D69AB}.Release|iPhone.Build.0 = Release|Any CPU
		{1A51356F-11DC-4BA6-B909-34182E0D69AB}.Release|iPhoneSimulator.ActiveCfg = Release|Any CPU
		{1A51356F-11DC-4BA6-B909-34182E0D69AB}.Release|iPhoneSimulator.Build.0 = Release|Any CPU
		{3207D595-DADF-4258-965B-B05D14685A58}.Ad-Hoc|iPhone.ActiveCfg = Release|Any CPU
		{3207D595-DADF-4258-965B-B05D14685A58}.Ad-Hoc|iPhone.Build.0 = Release|Any CPU
		{3207D595-DADF-4258-965B-B05D14685A58}.AppStore|iPhone.ActiveCfg = Release|Any CPU
		{3207D595-DADF-4258-965B-B05D14685A58}.AppStore|iPhone.Build.0 = Release|Any CPU
		{3207D595-DADF-4258-965B-B05D14685A58}.Debug|iPhone.ActiveCfg = Debug|Any CPU
		{3207D595-DADF-4258-965B-B05D14685A58}.Debug|iPhone.Build.0 = Debug|Any CPU
		{3207D595-DADF-4258-965B-B05D14685A58}.Debug|iPhoneSimulator.ActiveCfg = Debug|Any CPU
		{3207D595-DADF-4258-965B-B05D14685A58}.Debug|iPhoneSimulator.Build.0 = Debug|Any CPU
		{3207D595-DADF-4258-965B-B05D14685A58}.Release|iPhone.ActiveCfg = Release|Any CPU
		{3207D595-DADF-4258-965B-B05D14685A58}.Release|iPhone.Build.0 = Release|Any CPU
		{3207D595-DADF-4258-965B-B05D14685A58}.Release|iPhoneSimulator.ActiveCfg = Release|Any CPU
		{3207D595-DADF-4258-965B-B05D14685A58}.Release|iPhoneSimulator.Build.0 = Release|Any CPU
		{A9AACA77-55BD-4C19-BEE6-0CCDA6ED61AA}.Ad-Hoc|iPhone.ActiveCfg = Release|Any CPU
		{A9AACA77-55BD-4C19-BEE6-0CCDA6ED61AA}.Ad-Hoc|iPhone.Build.0 = Release|Any CPU
		{A9AACA77-55BD-4C19-BEE6-0CCDA6ED61AA}.AppStore|iPhone.ActiveCfg = Release|Any CPU
		{A9AACA77-55BD-4C19-BEE6-0CCDA6ED61AA}.AppStore|iPhone.Build.0 = Release|Any CPU
		{A9AACA77-55BD-4C19-BEE6-0CCDA6ED61AA}.Debug|iPhone.ActiveCfg = Debug|Any CPU
		{A9AACA77-55BD-4C19-BEE6-0CCDA6ED61AA}.Debug|iPhone.Build.0 = Debug|Any CPU
		{A9AACA77-55BD-4C19-BEE6-0CCDA6ED61AA}.Debug|iPhoneSimulator.ActiveCfg = Debug|Any CPU
		{A9AACA77-55BD-4C19-BEE6-0CCDA6ED61AA}.Debug|iPhoneSimulator.Build.0 = Debug|Any CPU
		{A9AACA77-55BD-4C19-BEE6-0CCDA6ED61AA}.Release|iPhone.ActiveCfg = Release|Any CPU
		{A9AACA77-55BD-4C19-BEE6-0CCDA6ED61AA}.Release|iPhone.Build.0 = Release|Any CPU
		{A9AACA77-55BD-4C19-BEE6-0CCDA6ED61AA}.Release|iPhoneSimulator.ActiveCfg = Release|Any CPU
		{A9AACA77-55BD-4C19-BEE6-0CCDA6ED61AA}.Release|iPhoneSimulator.Build.0 = Release|Any CPU
		{E64BFF1A-C25A-4E36-A565-3E4A8B8B1B3D}.Ad-Hoc|iPhone.ActiveCfg = Ad-Hoc|iPhone
		{E64BFF1A-C25A-4E36-A565-3E4A8B8B1B3D}.Ad-Hoc|iPhone.Build.0 = Ad-Hoc|iPhone
		{E64BFF1A-C25A-4E36-A565-3E4A8B8B1B3D}.AppStore|iPhone.ActiveCfg = AppStore|iPhone
		{E64BFF1A-C25A-4E36-A565-3E4A8B8B1B3D}.AppStore|iPhone.Build.0 = AppStore|iPhone
		{E64BFF1A-C25A-4E36-A565-3E4A8B8B1B3D}.Debug|iPhone.ActiveCfg = Debug|iPhone
		{E64BFF1A-C25A-4E36-A565-3E4A8B8B1B3D}.Debug|iPhone.Build.0 = Debug|iPhone
		{E64BFF1A-C25A-4E36-A565-3E4A8B8B1B3D}.Debug|iPhoneSimulator.ActiveCfg = Debug|iPhoneSimulator
		{E64BFF1A-C25A-4E36-A565-3E4A8B8B1B3D}.Debug|iPhoneSimulator.Build.0 = Debug|iPhoneSimulator
		{E64BFF1A-C25A-4E36-A565-3E4A8B8B1B3D}.Release|iPhone.ActiveCfg = Release|iPhone
		{E64BFF1A-C25A-4E36-A565-3E4A8B8B1B3D}.Release|iPhone.Build.0 = Release|iPhone
		{E64BFF1A-C25A-4E36-A565-3E4A8B8B1B3D}.Release|iPhoneSimulator.ActiveCfg = Release|iPhoneSimulator
		{E64BFF1A-C25A-4E36-A565-3E4A8B8B1B3D}.Release|iPhoneSimulator.Build.0 = Release|iPhoneSimulator
	EndGlobalSection
	GlobalSection(MonoDevelopProperties) = preSolution
		StartupItem = MyLagerMan\MyLagerMan.csproj
	EndGlobalSection
EndGlobal
